
Microsoft Visual Studio Solution File, Format Version 12.00
# Visual Studio Version 16
VisualStudioVersion = 16.0.31321.278
MinimumVisualStudioVersion = 10.0.40219.1
Project("{9A19103F-16F7-4668-BE54-9A1E7A4F7556}") = "CSReflection", "CSReflection.csproj", "{B6F86960-2209-4EE9-9969-A7DA7CED5515}"
EndProject
Project("{FAE04EC0-301F-11D3-BF4B-00C04F79EFBC}") = "CSReflectionTests", "..\CSReflectionTests\CSReflectionTests.csproj", "{5CF11B7D-D730-48ED-97C4-0828E9DA9EC1}"
EndProject
Global
	GlobalSection(SolutionConfigurationPlatforms) = preSolution
		Debug|Any CPU = Debug|Any CPU
		Release|Any CPU = Release|Any CPU
	EndGlobalSection
	GlobalSection(ProjectConfigurationPlatforms) = postSolution
		{B6F86960-2209-4EE9-9969-A7DA7CED5515}.Debug|Any CPU.ActiveCfg = Debug|Any CPU
		{B6F86960-2209-4EE9-9969-A7DA7CED5515}.Debug|Any CPU.Build.0 = Debug|Any CPU
		{B6F86960-2209-4EE9-9969-A7DA7CED5515}.Release|Any CPU.ActiveCfg = Release|Any CPU
		{B6F86960-2209-4EE9-9969-A7DA7CED5515}.Release|Any CPU.Build.0 = Release|Any CPU
		{5CF11B7D-D730-48ED-97C4-0828E9DA9EC1}.Debug|Any CPU.ActiveCfg = Debug|Any CPU
		{5CF11B7D-D730-48ED-97C4-0828E9DA9EC1}.Debug|Any CPU.Build.0 = Debug|Any CPU
		{5CF11B7D-D730-48ED-97C4-0828E9DA9EC1}.Release|Any CPU.ActiveCfg = Release|Any CPU
		{5CF11B7D-D730-48ED-97C4-0828E9DA9EC1}.Release|Any CPU.Build.0 = Release|Any CPU
	EndGlobalSection
	GlobalSection(SolutionProperties) = preSolution
		HideSolutionNode = FALSE
	EndGlobalSection
	GlobalSection(ExtensibilityGlobals) = postSolution
		SolutionGuid = {E1B47042-D073-4D90-A5F1-3E9D9B7BAB6B}
	EndGlobalSection
EndGlobal
